
Microsoft Visual Studio Solution File, Format Version 12.00
# Visual Studio 15
VisualStudioVersion = 15.0.26124.0
MinimumVisualStudioVersion = 15.0.26124.0
Project("{2150E333-8FDC-42A3-9474-1A3956D46DE8}") = "src", "src", "{C65A909B-706A-4171-A143-A09D70B23966}"
EndProject
Project("{FAE04EC0-301F-11D3-BF4B-00C04F79EFBC}") = "Syncromatics.AspNetCore.Extensions", "src\Syncromatics.AspNetCore.Extensions\Syncromatics.AspNetCore.Extensions.csproj", "{85F0BBD5-F5EE-43BB-99C2-37D61223D3FD}"
EndProject
Project("{2150E333-8FDC-42A3-9474-1A3956D46DE8}") = "tests", "tests", "{3CFA4224-B122-49D7-A2BF-0BF7A37CC51D}"
EndProject
Project("{FAE04EC0-301F-11D3-BF4B-00C04F79EFBC}") = "Syncromatics.AspNetCore.Extensions.UnitTests", "tests\Syncromatics.AspNetCore.Extensions.UnitTests\Syncromatics.AspNetCore.Extensions.UnitTests.csproj", "{FD19E90A-88BF-4AB7-B3B9-552580165EE1}"
EndProject
Global
	GlobalSection(SolutionConfigurationPlatforms) = preSolution
		Debug|Any CPU = Debug|Any CPU
		Debug|x64 = Debug|x64
		Debug|x86 = Debug|x86
		Release|Any CPU = Release|Any CPU
		Release|x64 = Release|x64
		Release|x86 = Release|x86
	EndGlobalSection
	GlobalSection(SolutionProperties) = preSolution
		HideSolutionNode = FALSE
	EndGlobalSection
	GlobalSection(ProjectConfigurationPlatforms) = postSolution
		{85F0BBD5-F5EE-43BB-99C2-37D61223D3FD}.Debug|Any CPU.ActiveCfg = Debug|Any CPU
		{85F0BBD5-F5EE-43BB-99C2-37D61223D3FD}.Debug|Any CPU.Build.0 = Debug|Any CPU
		{85F0BBD5-F5EE-43BB-99C2-37D61223D3FD}.Debug|x64.ActiveCfg = Debug|Any CPU
		{85F0BBD5-F5EE-43BB-99C2-37D61223D3FD}.Debug|x64.Build.0 = Debug|Any CPU
		{85F0BBD5-F5EE-43BB-99C2-37D61223D3FD}.Debug|x86.ActiveCfg = Debug|Any CPU
		{85F0BBD5-F5EE-43BB-99C2-37D61223D3FD}.Debug|x86.Build.0 = Debug|Any CPU
		{85F0BBD5-F5EE-43BB-99C2-37D61223D3FD}.Release|Any CPU.ActiveCfg = Release|Any CPU
		{85F0BBD5-F5EE-43BB-99C2-37D61223D3FD}.Release|Any CPU.Build.0 = Release|Any CPU
		{85F0BBD5-F5EE-43BB-99C2-37D61223D3FD}.Release|x64.ActiveCfg = Release|Any CPU
		{85F0BBD5-F5EE-43BB-99C2-37D61223D3FD}.Release|x64.Build.0 = Release|Any CPU
		{85F0BBD5-F5EE-43BB-99C2-37D61223D3FD}.Release|x86.ActiveCfg = Release|Any CPU
		{85F0BBD5-F5EE-43BB-99C2-37D61223D3FD}.Release|x86.Build.0 = Release|Any CPU
		{FD19E90A-88BF-4AB7-B3B9-552580165EE1}.Debug|Any CPU.ActiveCfg = Debug|Any CPU
		{FD19E90A-88BF-4AB7-B3B9-552580165EE1}.Debug|Any CPU.Build.0 = Debug|Any CPU
		{FD19E90A-88BF-4AB7-B3B9-552580165EE1}.Debug|x64.ActiveCfg = Debug|Any CPU
		{FD19E90A-88BF-4AB7-B3B9-552580165EE1}.Debug|x64.Build.0 = Debug|Any CPU
		{FD19E90A-88BF-4AB7-B3B9-552580165EE1}.Debug|x86.ActiveCfg = Debug|Any CPU
		{FD19E90A-88BF-4AB7-B3B9-552580165EE1}.Debug|x86.Build.0 = Debug|Any CPU
		{FD19E90A-88BF-4AB7-B3B9-552580165EE1}.Release|Any CPU.ActiveCfg = Release|Any CPU
		{FD19E90A-88BF-4AB7-B3B9-552580165EE1}.Release|Any CPU.Build.0 = Release|Any CPU
		{FD19E90A-88BF-4AB7-B3B9-552580165EE1}.Release|x64.ActiveCfg = Release|Any CPU
		{FD19E90A-88BF-4AB7-B3B9-552580165EE1}.Release|x64.Build.0 = Release|Any CPU
		{FD19E90A-88BF-4AB7-B3B9-552580165EE1}.Release|x86.ActiveCfg = Release|Any CPU
		{FD19E90A-88BF-4AB7-B3B9-552580165EE1}.Release|x86.Build.0 = Release|Any CPU
	EndGlobalSection
	GlobalSection(NestedProjects) = preSolution
		{85F0BBD5-F5EE-43BB-99C2-37D61223D3FD} = {C65A909B-706A-4171-A143-A09D70B23966}
		{FD19E90A-88BF-4AB7-B3B9-552580165EE1} = {3CFA4224-B122-49D7-A2BF-0BF7A37CC51D}
	EndGlobalSection
EndGlobal
